// !$*UTF8*$!
{
	archiveVersion = 1;
	classes = {
	};
	objectVersion = 56;
	objects = {

/* Begin PBXBuildFile section */
		49ABB0BC2A1E669400577B0A /* main.swift in Sources */ = {isa = PBXBuildFile; fileRef = 49ABB0BB2A1E669400577B0A /* main.swift */; };
		49ABB0C32A1E698B00577B0A /* bilateral_grid.metal in Sources */ = {isa = PBXBuildFile; fileRef = 49ABB0C22A1E698B00577B0A /* bilateral_grid.metal */; };
		49ABB0C52A1E85C100577B0A /* slice.metal in Sources */ = {isa = PBXBuildFile; fileRef = 49ABB0C42A1E85C100577B0A /* slice.metal */; };
		49ABB0C72A1EE14200577B0A /* renderer.metal in Sources */ = {isa = PBXBuildFile; fileRef = 49ABB0C62A1EE14200577B0A /* renderer.metal */; };
		49ABB0C92A2003C100577B0A /* renderer.swift in Sources */ = {isa = PBXBuildFile; fileRef = 49ABB0C82A2003C100577B0A /* renderer.swift */; };
		49ABB0CB2A240BA200577B0A /* io.swift in Sources */ = {isa = PBXBuildFile; fileRef = 49ABB0CA2A240BA200577B0A /* io.swift */; };
		49ABB0CF2A24248F00577B0A /* bilateral_grid.swift in Sources */ = {isa = PBXBuildFile; fileRef = 49ABB0CE2A24248F00577B0A /* bilateral_grid.swift */; };
		49ABB0D12A2434B800577B0A /* bilateral_filtering.metal in Sources */ = {isa = PBXBuildFile; fileRef = 49ABB0D02A2434B800577B0A /* bilateral_filtering.metal */; };
/* End PBXBuildFile section */

/* Begin PBXCopyFilesBuildPhase section */
		49ABB0B62A1E669400577B0A /* CopyFiles */ = {
			isa = PBXCopyFilesBuildPhase;
			buildActionMask = 2147483647;
			dstPath = /usr/share/man/man1/;
			dstSubfolderSpec = 0;
			files = (
			);
			runOnlyForDeploymentPostprocessing = 1;
		};
/* End PBXCopyFilesBuildPhase section */

/* Begin PBXFileReference section */
		49ABB0B82A1E669400577B0A /* bilateral_grid */ = {isa = PBXFileReference; explicitFileType = "compiled.mach-o.executable"; includeInIndex = 0; path = bilateral_grid; sourceTree = BUILT_PRODUCTS_DIR; };
		49ABB0BB2A1E669400577B0A /* main.swift */ = {isa = PBXFileReference; lastKnownFileType = sourcecode.swift; path = main.swift; sourceTree = "<group>"; };
		49ABB0C22A1E698B00577B0A /* bilateral_grid.metal */ = {isa = PBXFileReference; lastKnownFileType = sourcecode.metal; path = bilateral_grid.metal; sourceTree = "<group>"; };
		49ABB0C42A1E85C100577B0A /* slice.metal */ = {isa = PBXFileReference; lastKnownFileType = sourcecode.metal; path = slice.metal; sourceTree = "<group>"; };
		49ABB0C62A1EE14200577B0A /* renderer.metal */ = {isa = PBXFileReference; lastKnownFileType = sourcecode.metal; path = renderer.metal; sourceTree = "<group>"; };
		49ABB0C82A2003C100577B0A /* renderer.swift */ = {isa = PBXFileReference; lastKnownFileType = sourcecode.swift; path = renderer.swift; sourceTree = "<group>"; };
		49ABB0CA2A240BA200577B0A /* io.swift */ = {isa = PBXFileReference; lastKnownFileType = sourcecode.swift; path = io.swift; sourceTree = "<group>"; };
		49ABB0CE2A24248F00577B0A /* bilateral_grid.swift */ = {isa = PBXFileReference; lastKnownFileType = sourcecode.swift; path = bilateral_grid.swift; sourceTree = "<group>"; };
		49ABB0D02A2434B800577B0A /* bilateral_filtering.metal */ = {isa = PBXFileReference; lastKnownFileType = sourcecode.metal; path = bilateral_filtering.metal; sourceTree = "<group>"; };
/* End PBXFileReference section */

/* Begin PBXFrameworksBuildPhase section */
		49ABB0B52A1E669400577B0A /* Frameworks */ = {
			isa = PBXFrameworksBuildPhase;
			buildActionMask = 2147483647;
			files = (
			);
			runOnlyForDeploymentPostprocessing = 0;
		};
/* End PBXFrameworksBuildPhase section */

/* Begin PBXGroup section */
		49ABB0AF2A1E669400577B0A = {
			isa = PBXGroup;
			children = (
				49ABB0BA2A1E669400577B0A /* bilateral_grid */,
				49ABB0B92A1E669400577B0A /* Products */,
			);
			sourceTree = "<group>";
		};
		49ABB0B92A1E669400577B0A /* Products */ = {
			isa = PBXGroup;
			children = (
				49ABB0B82A1E669400577B0A /* bilateral_grid */,
			);
			name = Products;
			sourceTree = "<group>";
		};
		49ABB0BA2A1E669400577B0A /* bilateral_grid */ = {
			isa = PBXGroup;
			children = (
				49ABB0BB2A1E669400577B0A /* main.swift */,
				49ABB0C22A1E698B00577B0A /* bilateral_grid.metal */,
				49ABB0C42A1E85C100577B0A /* slice.metal */,
				49ABB0C62A1EE14200577B0A /* renderer.metal */,
				49ABB0C82A2003C100577B0A /* renderer.swift */,
				49ABB0CA2A240BA200577B0A /* io.swift */,
				49ABB0CE2A24248F00577B0A /* bilateral_grid.swift */,
				49ABB0D02A2434B800577B0A /* bilateral_filtering.metal */,
			);
			path = bilateral_grid;
			sourceTree = "<group>";
		};
/* End PBXGroup section */

/* Begin PBXNativeTarget section */
		49ABB0B72A1E669400577B0A /* bilateral_grid */ = {
			isa = PBXNativeTarget;
			buildConfigurationList = 49ABB0BF2A1E669400577B0A /* Build configuration list for PBXNativeTarget "bilateral_grid" */;
			buildPhases = (
				49ABB0B42A1E669400577B0A /* Sources */,
				49ABB0B52A1E669400577B0A /* Frameworks */,
				49ABB0B62A1E669400577B0A /* CopyFiles */,
			);
			buildRules = (
			);
			dependencies = (
			);
			name = bilateral_grid;
			productName = bilateral_grid;
			productReference = 49ABB0B82A1E669400577B0A /* bilateral_grid */;
			productType = "com.apple.product-type.tool";
		};
/* End PBXNativeTarget section */

/* Begin PBXProject section */
		49ABB0B02A1E669400577B0A /* Project object */ = {
			isa = PBXProject;
			attributes = {
				BuildIndependentTargetsInParallel = 1;
				LastSwiftUpdateCheck = 1420;
				LastUpgradeCheck = 1420;
				TargetAttributes = {
					49ABB0B72A1E669400577B0A = {
						CreatedOnToolsVersion = 14.2;
					};
				};
			};
			buildConfigurationList = 49ABB0B32A1E669400577B0A /* Build configuration list for PBXProject "bilateral_grid" */;
			compatibilityVersion = "Xcode 14.0";
			developmentRegion = en;
			hasScannedForEncodings = 0;
			knownRegions = (
				en,
				Base,
			);
			mainGroup = 49ABB0AF2A1E669400577B0A;
			productRefGroup = 49ABB0B92A1E669400577B0A /* Products */;
			projectDirPath = "";
			projectRoot = "";
			targets = (
				49ABB0B72A1E669400577B0A /* bilateral_grid */,
			);
		};
/* End PBXProject section */

/* Begin PBXSourcesBuildPhase section */
		49ABB0B42A1E669400577B0A /* Sources */ = {
			isa = PBXSourcesBuildPhase;
			buildActionMask = 2147483647;
			files = (
				49ABB0CF2A24248F00577B0A /* bilateral_grid.swift in Sources */,
				49ABB0C32A1E698B00577B0A /* bilateral_grid.metal in Sources */,
				49ABB0CB2A240BA200577B0A /* io.swift in Sources */,
				49ABB0C52A1E85C100577B0A /* slice.metal in Sources */,
				49ABB0C72A1EE14200577B0A /* renderer.metal in Sources */,
				49ABB0D12A2434B800577B0A /* bilateral_filtering.metal in Sources */,
				49ABB0C92A2003C100577B0A /* renderer.swift in Sources */,
				49ABB0BC2A1E669400577B0A /* main.swift in Sources */,
			);
			runOnlyForDeploymentPostprocessing = 0;
		};
/* End PBXSourcesBuildPhase section */

/* Begin XCBuildConfiguration section */
		49ABB0BD2A1E669400577B0A /* Debug */ = {
			isa = XCBuildConfiguration;
			buildSettings = {
				ALWAYS_SEARCH_USER_PATHS = NO;
				CLANG_ANALYZER_NONNULL = YES;
				CLANG_ANALYZER_NUMBER_OBJECT_CONVERSION = YES_AGGRESSIVE;
				CLANG_CXX_LANGUAGE_STANDARD = "gnu++20";
				CLANG_ENABLE_MODULES = YES;
				CLANG_ENABLE_OBJC_ARC = YES;
				CLANG_ENABLE_OBJC_WEAK = YES;
				CLANG_WARN_BLOCK_CAPTURE_AUTORELEASING = YES;
				CLANG_WARN_BOOL_CONVERSION = YES;
				CLANG_WARN_COMMA = YES;
				CLANG_WARN_CONSTANT_CONVERSION = YES;
				CLANG_WARN_DEPRECATED_OBJC_IMPLEMENTATIONS = YES;
				CLANG_WARN_DIRECT_OBJC_ISA_USAGE = YES_ERROR;
				CLANG_WARN_DOCUMENTATION_COMMENTS = YES;
				CLANG_WARN_EMPTY_BODY = YES;
				CLANG_WARN_ENUM_CONVERSION = YES;
				CLANG_WARN_INFINITE_RECURSION = YES;
				CLANG_WARN_INT_CONVERSION = YES;
				CLANG_WARN_NON_LITERAL_NULL_CONVERSION = YES;
				CLANG_WARN_OBJC_IMPLICIT_RETAIN_SELF = YES;
				CLANG_WARN_OBJC_LITERAL_CONVERSION = YES;
				CLANG_WARN_OBJC_ROOT_CLASS = YES_ERROR;
				CLANG_WARN_QUOTED_INCLUDE_IN_FRAMEWORK_HEADER = YES;
				CLANG_WARN_RANGE_LOOP_ANALYSIS = YES;
				CLANG_WARN_STRICT_PROTOTYPES = YES;
				CLANG_WARN_SUSPICIOUS_MOVE = YES;
				CLANG_WARN_UNGUARDED_AVAILABILITY = YES_AGGRESSIVE;
				CLANG_WARN_UNREACHABLE_CODE = YES;
				CLANG_WARN__DUPLICATE_METHOD_MATCH = YES;
				COPY_PHASE_STRIP = NO;
				DEBUG_INFORMATION_FORMAT = dwarf;
				ENABLE_STRICT_OBJC_MSGSEND = YES;
				ENABLE_TESTABILITY = YES;
				GCC_C_LANGUAGE_STANDARD = gnu11;
				GCC_DYNAMIC_NO_PIC = NO;
				GCC_NO_COMMON_BLOCKS = YES;
				GCC_OPTIMIZATION_LEVEL = 0;
				GCC_PREPROCESSOR_DEFINITIONS = (
					"DEBUG=1",
					"$(inherited)",
				);
				GCC_WARN_64_TO_32_BIT_CONVERSION = YES;
				GCC_WARN_ABOUT_RETURN_TYPE = YES_ERROR;
				GCC_WARN_UNDECLARED_SELECTOR = YES;
				GCC_WARN_UNINITIALIZED_AUTOS = YES_AGGRESSIVE;
				GCC_WARN_UNUSED_FUNCTION = YES;
				GCC_WARN_UNUSED_VARIABLE = YES;
				MACOSX_DEPLOYMENT_TARGET = 13.1;
				MTL_ENABLE_DEBUG_INFO = INCLUDE_SOURCE;
				MTL_FAST_MATH = YES;
				ONLY_ACTIVE_ARCH = YES;
				SDKROOT = macosx;
				SWIFT_ACTIVE_COMPILATION_CONDITIONS = DEBUG;
				SWIFT_OPTIMIZATION_LEVEL = "-Onone";
			};
			name = Debug;
		};
		49ABB0BE2A1E669400577B0A /* Release */ = {
			isa = XCBuildConfiguration;
			buildSettings = {
				ALWAYS_SEARCH_USER_PATHS = NO;
				CLANG_ANALYZER_NONNULL = YES;
				CLANG_ANALYZER_NUMBER_OBJECT_CONVERSION = YES_AGGRESSIVE;
				CLANG_CXX_LANGUAGE_STANDARD = "gnu++20";
				CLANG_ENABLE_MODULES = YES;
				CLANG_ENABLE_OBJC_ARC = YES;
				CLANG_ENABLE_OBJC_WEAK = YES;
				CLANG_WARN_BLOCK_CAPTURE_AUTORELEASING = YES;
				CLANG_WARN_BOOL_CONVERSION = YES;
				CLANG_WARN_COMMA = YES;
				CLANG_WARN_CONSTANT_CONVERSION = YES;
				CLANG_WARN_DEPRECATED_OBJC_IMPLEMENTATIONS = YES;
				CLANG_WARN_DIRECT_OBJC_ISA_USAGE = YES_ERROR;
				CLANG_WARN_DOCUMENTATION_COMMENTS = YES;
				CLANG_WARN_EMPTY_BODY = YES;
				CLANG_WARN_ENUM_CONVERSION = YES;
				CLANG_WARN_INFINITE_RECURSION = YES;
				CLANG_WARN_INT_CONVERSION = YES;
				CLANG_WARN_NON_LITERAL_NULL_CONVERSION = YES;
				CLANG_WARN_OBJC_IMPLICIT_RETAIN_SELF = YES;
				CLANG_WARN_OBJC_LITERAL_CONVERSION = YES;
				CLANG_WARN_OBJC_ROOT_CLASS = YES_ERROR;
				CLANG_WARN_QUOTED_INCLUDE_IN_FRAMEWORK_HEADER = YES;
				CLANG_WARN_RANGE_LOOP_ANALYSIS = YES;
				CLANG_WARN_STRICT_PROTOTYPES = YES;
				CLANG_WARN_SUSPICIOUS_MOVE = YES;
				CLANG_WARN_UNGUARDED_AVAILABILITY = YES_AGGRESSIVE;
				CLANG_WARN_UNREACHABLE_CODE = YES;
				CLANG_WARN__DUPLICATE_METHOD_MATCH = YES;
				COPY_PHASE_STRIP = NO;
				DEBUG_INFORMATION_FORMAT = "dwarf-with-dsym";
				ENABLE_NS_ASSERTIONS = NO;
				ENABLE_STRICT_OBJC_MSGSEND = YES;
				GCC_C_LANGUAGE_STANDARD = gnu11;
				GCC_NO_COMMON_BLOCKS = YES;
				GCC_WARN_64_TO_32_BIT_CONVERSION = YES;
				GCC_WARN_ABOUT_RETURN_TYPE = YES_ERROR;
				GCC_WARN_UNDECLARED_SELECTOR = YES;
				GCC_WARN_UNINITIALIZED_AUTOS = YES_AGGRESSIVE;
				GCC_WARN_UNUSED_FUNCTION = YES;
				GCC_WARN_UNUSED_VARIABLE = YES;
				MACOSX_DEPLOYMENT_TARGET = 13.1;
				MTL_ENABLE_DEBUG_INFO = NO;
				MTL_FAST_MATH = YES;
				SDKROOT = macosx;
				SWIFT_COMPILATION_MODE = wholemodule;
				SWIFT_OPTIMIZATION_LEVEL = "-O";
			};
			name = Release;
		};
		49ABB0C02A1E669400577B0A /* Debug */ = {
			isa = XCBuildConfiguration;
			buildSettings = {
				CODE_SIGN_STYLE = Automatic;
				PRODUCT_NAME = "$(TARGET_NAME)";
				SWIFT_VERSION = 5.0;
			};
			name = Debug;
		};
		49ABB0C12A1E669400577B0A /* Release */ = {
			isa = XCBuildConfiguration;
			buildSettings = {
				CODE_SIGN_STYLE = Automatic;
				PRODUCT_NAME = "$(TARGET_NAME)";
				SWIFT_VERSION = 5.0;
			};
			name = Release;
		};
/* End XCBuildConfiguration section */

/* Begin XCConfigurationList section */
		49ABB0B32A1E669400577B0A /* Build configuration list for PBXProject "bilateral_grid" */ = {
			isa = XCConfigurationList;
			buildConfigurations = (
				49ABB0BD2A1E669400577B0A /* Debug */,
				49ABB0BE2A1E669400577B0A /* Release */,
			);
			defaultConfigurationIsVisible = 0;
			defaultConfigurationName = Release;
		};
		49ABB0BF2A1E669400577B0A /* Build configuration list for PBXNativeTarget "bilateral_grid" */ = {
			isa = XCConfigurationList;
			buildConfigurations = (
				49ABB0C02A1E669400577B0A /* Debug */,
				49ABB0C12A1E669400577B0A /* Release */,
			);
			defaultConfigurationIsVisible = 0;
			defaultConfigurationName = Release;
		};
/* End XCConfigurationList section */
	};
	rootObject = 49ABB0B02A1E669400577B0A /* Project object */;
}
